
Microsoft Visual Studio Solution File, Format Version 12.00
# Visual Studio Version 17
VisualStudioVersion = 17.7.34024.191
MinimumVisualStudioVersion = 10.0.40219.1
Project("{FAE04EC0-301F-11D3-BF4B-00C04F79EFBC}") = "lab9sem32", "lab9sem32\lab9sem32.csproj", "{18DE4BA9-A180-4CBB-B9B7-6B45E7C7DA2B}"
EndProject
Global
	GlobalSection(SolutionConfigurationPlatforms) = preSolution
		Debug|Any CPU = Debug|Any CPU
		Release|Any CPU = Release|Any CPU
	EndGlobalSection
	GlobalSection(ProjectConfigurationPlatforms) = postSolution
		{18DE4BA9-A180-4CBB-B9B7-6B45E7C7DA2B}.Debug|Any CPU.ActiveCfg = Debug|Any CPU
		{18DE4BA9-A180-4CBB-B9B7-6B45E7C7DA2B}.Debug|Any CPU.Build.0 = Debug|Any CPU
		{18DE4BA9-A180-4CBB-B9B7-6B45E7C7DA2B}.Release|Any CPU.ActiveCfg = Release|Any CPU
		{18DE4BA9-A180-4CBB-B9B7-6B45E7C7DA2B}.Release|Any CPU.Build.0 = Release|Any CPU
	EndGlobalSection
	GlobalSection(SolutionProperties) = preSolution
		HideSolutionNode = FALSE
	EndGlobalSection
	GlobalSection(ExtensibilityGlobals) = postSolution
		SolutionGuid = {CC4A9D20-89B8-4455-A799-4C15D958B161}
	EndGlobalSection
EndGlobal
